
Microsoft Visual Studio Solution File, Format Version 12.00
# Visual Studio 15
VisualStudioVersion = 15.0.27130.2027
MinimumVisualStudioVersion = 10.0.40219.1
Project("{FAE04EC0-301F-11D3-BF4B-00C04F79EFBC}") = "FileUpload", "FileUpload\FileUpload.csproj", "{5F531164-CD2D-4EBA-A96D-12220B2FED22}"
EndProject
Global
	GlobalSection(SolutionConfigurationPlatforms) = preSolution
		Debug|Any CPU = Debug|Any CPU
		Release|Any CPU = Release|Any CPU
	EndGlobalSection
	GlobalSection(ProjectConfigurationPlatforms) = postSolution
		{5F531164-CD2D-4EBA-A96D-12220B2FED22}.Debug|Any CPU.ActiveCfg = Debug|Any CPU
		{5F531164-CD2D-4EBA-A96D-12220B2FED22}.Debug|Any CPU.Build.0 = Debug|Any CPU
		{5F531164-CD2D-4EBA-A96D-12220B2FED22}.Release|Any CPU.ActiveCfg = Release|Any CPU
		{5F531164-CD2D-4EBA-A96D-12220B2FED22}.Release|Any CPU.Build.0 = Release|Any CPU
	EndGlobalSection
	GlobalSection(SolutionProperties) = preSolution
		HideSolutionNode = FALSE
	EndGlobalSection
	GlobalSection(ExtensibilityGlobals) = postSolution
		SolutionGuid = {42118F24-9F3A-48D3-B725-823FFEB7F947}
	EndGlobalSection
EndGlobal
